# This file is automatically @generated by Cargo.
# It is not intended for manual editing.
[[package]]
name = "once_cell"
version = "1.5.2"
source = "registry+https://github.com/rust-lang/crates.io-index"
checksum = "13bd41f508810a131401606d54ac32a467c97172d74ba7662562ebba5ad07fa0"

[[package]]
name = "solver"
version = "0.1.0"
dependencies = [
 "once_cell",
]
